
Microsoft Visual Studio Solution File, Format Version 12.00
# Visual Studio Version 17
VisualStudioVersion = 17.7.34031.279
MinimumVisualStudioVersion = 10.0.40219.1
Project("{9A19103F-16F7-4668-BE54-9A1E7A4F7556}") = "CBTDWeb", "CBTDWeb\CBTDWeb.csproj", "{86152F57-05B5-4E10-A249-3FFFE36D6C1C}"
EndProject
Project("{9A19103F-16F7-4668-BE54-9A1E7A4F7556}") = "Infrastructure", "Infrastructure\Infrastructure.csproj", "{CD027CD9-1CAD-492C-80FD-26C7A218981C}"
EndProject
Project("{9A19103F-16F7-4668-BE54-9A1E7A4F7556}") = "DataAccess", "DataAccess\DataAccess.csproj", "{2514ABA2-E922-4EC1-9E00-C5F3A6A20349}"
EndProject
Project("{9A19103F-16F7-4668-BE54-9A1E7A4F7556}") = "Utility", "Utility\Utility.csproj", "{22E53DD3-176A-4625-9970-DE8ECC92B5EA}"
EndProject
Global
	GlobalSection(SolutionConfigurationPlatforms) = preSolution
		Debug|Any CPU = Debug|Any CPU
		Release|Any CPU = Release|Any CPU
	EndGlobalSection
	GlobalSection(ProjectConfigurationPlatforms) = postSolution
		{86152F57-05B5-4E10-A249-3FFFE36D6C1C}.Debug|Any CPU.ActiveCfg = Debug|Any CPU
		{86152F57-05B5-4E10-A249-3FFFE36D6C1C}.Debug|Any CPU.Build.0 = Debug|Any CPU
		{86152F57-05B5-4E10-A249-3FFFE36D6C1C}.Release|Any CPU.ActiveCfg = Release|Any CPU
		{86152F57-05B5-4E10-A249-3FFFE36D6C1C}.Release|Any CPU.Build.0 = Release|Any CPU
		{CD027CD9-1CAD-492C-80FD-26C7A218981C}.Debug|Any CPU.ActiveCfg = Debug|Any CPU
		{CD027CD9-1CAD-492C-80FD-26C7A218981C}.Debug|Any CPU.Build.0 = Debug|Any CPU
		{CD027CD9-1CAD-492C-80FD-26C7A218981C}.Release|Any CPU.ActiveCfg = Release|Any CPU
		{CD027CD9-1CAD-492C-80FD-26C7A218981C}.Release|Any CPU.Build.0 = Release|Any CPU
		{2514ABA2-E922-4EC1-9E00-C5F3A6A20349}.Debug|Any CPU.ActiveCfg = Debug|Any CPU
		{2514ABA2-E922-4EC1-9E00-C5F3A6A20349}.Debug|Any CPU.Build.0 = Debug|Any CPU
		{2514ABA2-E922-4EC1-9E00-C5F3A6A20349}.Release|Any CPU.ActiveCfg = Release|Any CPU
		{2514ABA2-E922-4EC1-9E00-C5F3A6A20349}.Release|Any CPU.Build.0 = Release|Any CPU
		{22E53DD3-176A-4625-9970-DE8ECC92B5EA}.Debug|Any CPU.ActiveCfg = Debug|Any CPU
		{22E53DD3-176A-4625-9970-DE8ECC92B5EA}.Debug|Any CPU.Build.0 = Debug|Any CPU
		{22E53DD3-176A-4625-9970-DE8ECC92B5EA}.Release|Any CPU.ActiveCfg = Release|Any CPU
		{22E53DD3-176A-4625-9970-DE8ECC92B5EA}.Release|Any CPU.Build.0 = Release|Any CPU
	EndGlobalSection
	GlobalSection(SolutionProperties) = preSolution
		HideSolutionNode = FALSE
	EndGlobalSection
	GlobalSection(ExtensibilityGlobals) = postSolution
		SolutionGuid = {C060FF4C-118D-4692-937E-04F6F59599B8}
	EndGlobalSection
EndGlobal
